
Microsoft Visual Studio Solution File, Format Version 12.00
# Visual Studio 15
VisualStudioVersion = 15.0.26124.0
MinimumVisualStudioVersion = 15.0.26124.0
Project("{2150E333-8FDC-42A3-9474-1A3956D46DE8}") = "src", "src", "{17DF77EE-69F2-4649-B2AA-9420304D43AF}"
EndProject
Project("{FAE04EC0-301F-11D3-BF4B-00C04F79EFBC}") = "PodcastFeed.Api", "src\PodcastFeed.Api\PodcastFeed.Api.csproj", "{53B1748F-4161-4852-B5C2-CDBD26A0F5F3}"
EndProject
Project("{FAE04EC0-301F-11D3-BF4B-00C04F79EFBC}") = "PodcastFeed.Domain", "src\PodcastFeed.Domain\PodcastFeed.Domain.csproj", "{9BE386F3-C11A-4B45-86E1-3305AA8B6357}"
EndProject
Project("{2150E333-8FDC-42A3-9474-1A3956D46DE8}") = "test", "test", "{09467508-0DB2-45F7-BABF-501ABE3D4454}"
EndProject
Project("{FAE04EC0-301F-11D3-BF4B-00C04F79EFBC}") = "PodcastFeed.Domain.UnitTest", "test\PodcastFeed.Domain.UnitTest\PodcastFeed.Domain.UnitTest.csproj", "{71D93217-3F98-4ADD-827E-1250FB3881C6}"
EndProject
Project("{FAE04EC0-301F-11D3-BF4B-00C04F79EFBC}") = "PodcastFeed.Api.UnitTest", "test\PodcastFeed.Api.UnitTest\PodcastFeed.Api.UnitTest.csproj", "{1FA2C119-8B89-48E3-B690-8EF180CAF6EB}"
EndProject
Project("{FAE04EC0-301F-11D3-BF4B-00C04F79EFBC}") = "PodcastFeed.Application", "src\PodcastFeed.Application\PodcastFeed.Application.csproj", "{8468408C-A919-4F00-9DAE-89D98E411A19}"
EndProject
Project("{FAE04EC0-301F-11D3-BF4B-00C04F79EFBC}") = "PodcastFeed.Application.UnitTest", "test\PodcastFeed.Application.UnitTest\PodcastFeed.Application.UnitTest.csproj", "{3B40C685-72A2-4D2C-AD88-226A2384318D}"
EndProject
Global
	GlobalSection(SolutionConfigurationPlatforms) = preSolution
		Debug|Any CPU = Debug|Any CPU
		Debug|x64 = Debug|x64
		Debug|x86 = Debug|x86
		Release|Any CPU = Release|Any CPU
		Release|x64 = Release|x64
		Release|x86 = Release|x86
	EndGlobalSection
	GlobalSection(SolutionProperties) = preSolution
		HideSolutionNode = FALSE
	EndGlobalSection
	GlobalSection(ProjectConfigurationPlatforms) = postSolution
		{53B1748F-4161-4852-B5C2-CDBD26A0F5F3}.Debug|Any CPU.ActiveCfg = Debug|Any CPU
		{53B1748F-4161-4852-B5C2-CDBD26A0F5F3}.Debug|Any CPU.Build.0 = Debug|Any CPU
		{53B1748F-4161-4852-B5C2-CDBD26A0F5F3}.Debug|x64.ActiveCfg = Debug|Any CPU
		{53B1748F-4161-4852-B5C2-CDBD26A0F5F3}.Debug|x64.Build.0 = Debug|Any CPU
		{53B1748F-4161-4852-B5C2-CDBD26A0F5F3}.Debug|x86.ActiveCfg = Debug|Any CPU
		{53B1748F-4161-4852-B5C2-CDBD26A0F5F3}.Debug|x86.Build.0 = Debug|Any CPU
		{53B1748F-4161-4852-B5C2-CDBD26A0F5F3}.Release|Any CPU.ActiveCfg = Release|Any CPU
		{53B1748F-4161-4852-B5C2-CDBD26A0F5F3}.Release|Any CPU.Build.0 = Release|Any CPU
		{53B1748F-4161-4852-B5C2-CDBD26A0F5F3}.Release|x64.ActiveCfg = Release|Any CPU
		{53B1748F-4161-4852-B5C2-CDBD26A0F5F3}.Release|x64.Build.0 = Release|Any CPU
		{53B1748F-4161-4852-B5C2-CDBD26A0F5F3}.Release|x86.ActiveCfg = Release|Any CPU
		{53B1748F-4161-4852-B5C2-CDBD26A0F5F3}.Release|x86.Build.0 = Release|Any CPU
		{9BE386F3-C11A-4B45-86E1-3305AA8B6357}.Debug|Any CPU.ActiveCfg = Debug|Any CPU
		{9BE386F3-C11A-4B45-86E1-3305AA8B6357}.Debug|Any CPU.Build.0 = Debug|Any CPU
		{9BE386F3-C11A-4B45-86E1-3305AA8B6357}.Debug|x64.ActiveCfg = Debug|Any CPU
		{9BE386F3-C11A-4B45-86E1-3305AA8B6357}.Debug|x64.Build.0 = Debug|Any CPU
		{9BE386F3-C11A-4B45-86E1-3305AA8B6357}.Debug|x86.ActiveCfg = Debug|Any CPU
		{9BE386F3-C11A-4B45-86E1-3305AA8B6357}.Debug|x86.Build.0 = Debug|Any CPU
		{9BE386F3-C11A-4B45-86E1-3305AA8B6357}.Release|Any CPU.ActiveCfg = Release|Any CPU
		{9BE386F3-C11A-4B45-86E1-3305AA8B6357}.Release|Any CPU.Build.0 = Release|Any CPU
		{9BE386F3-C11A-4B45-86E1-3305AA8B6357}.Release|x64.ActiveCfg = Release|Any CPU
		{9BE386F3-C11A-4B45-86E1-3305AA8B6357}.Release|x64.Build.0 = Release|Any CPU
		{9BE386F3-C11A-4B45-86E1-3305AA8B6357}.Release|x86.ActiveCfg = Release|Any CPU
		{9BE386F3-C11A-4B45-86E1-3305AA8B6357}.Release|x86.Build.0 = Release|Any CPU
		{71D93217-3F98-4ADD-827E-1250FB3881C6}.Debug|Any CPU.ActiveCfg = Debug|Any CPU
		{71D93217-3F98-4ADD-827E-1250FB3881C6}.Debug|Any CPU.Build.0 = Debug|Any CPU
		{71D93217-3F98-4ADD-827E-1250FB3881C6}.Debug|x64.ActiveCfg = Debug|Any CPU
		{71D93217-3F98-4ADD-827E-1250FB3881C6}.Debug|x64.Build.0 = Debug|Any CPU
		{71D93217-3F98-4ADD-827E-1250FB3881C6}.Debug|x86.ActiveCfg = Debug|Any CPU
		{71D93217-3F98-4ADD-827E-1250FB3881C6}.Debug|x86.Build.0 = Debug|Any CPU
		{71D93217-3F98-4ADD-827E-1250FB3881C6}.Release|Any CPU.ActiveCfg = Release|Any CPU
		{71D93217-3F98-4ADD-827E-1250FB3881C6}.Release|Any CPU.Build.0 = Release|Any CPU
		{71D93217-3F98-4ADD-827E-1250FB3881C6}.Release|x64.ActiveCfg = Release|Any CPU
		{71D93217-3F98-4ADD-827E-1250FB3881C6}.Release|x64.Build.0 = Release|Any CPU
		{71D93217-3F98-4ADD-827E-1250FB3881C6}.Release|x86.ActiveCfg = Release|Any CPU
		{71D93217-3F98-4ADD-827E-1250FB3881C6}.Release|x86.Build.0 = Release|Any CPU
		{1FA2C119-8B89-48E3-B690-8EF180CAF6EB}.Debug|Any CPU.ActiveCfg = Debug|Any CPU
		{1FA2C119-8B89-48E3-B690-8EF180CAF6EB}.Debug|Any CPU.Build.0 = Debug|Any CPU
		{1FA2C119-8B89-48E3-B690-8EF180CAF6EB}.Debug|x64.ActiveCfg = Debug|Any CPU
		{1FA2C119-8B89-48E3-B690-8EF180CAF6EB}.Debug|x64.Build.0 = Debug|Any CPU
		{1FA2C119-8B89-48E3-B690-8EF180CAF6EB}.Debug|x86.ActiveCfg = Debug|Any CPU
		{1FA2C119-8B89-48E3-B690-8EF180CAF6EB}.Debug|x86.Build.0 = Debug|Any CPU
		{1FA2C119-8B89-48E3-B690-8EF180CAF6EB}.Release|Any CPU.ActiveCfg = Release|Any CPU
		{1FA2C119-8B89-48E3-B690-8EF180CAF6EB}.Release|Any CPU.Build.0 = Release|Any CPU
		{1FA2C119-8B89-48E3-B690-8EF180CAF6EB}.Release|x64.ActiveCfg = Release|Any CPU
		{1FA2C119-8B89-48E3-B690-8EF180CAF6EB}.Release|x64.Build.0 = Release|Any CPU
		{1FA2C119-8B89-48E3-B690-8EF180CAF6EB}.Release|x86.ActiveCfg = Release|Any CPU
		{1FA2C119-8B89-48E3-B690-8EF180CAF6EB}.Release|x86.Build.0 = Release|Any CPU
		{8468408C-A919-4F00-9DAE-89D98E411A19}.Debug|Any CPU.ActiveCfg = Debug|Any CPU
		{8468408C-A919-4F00-9DAE-89D98E411A19}.Debug|Any CPU.Build.0 = Debug|Any CPU
		{8468408C-A919-4F00-9DAE-89D98E411A19}.Debug|x64.ActiveCfg = Debug|Any CPU
		{8468408C-A919-4F00-9DAE-89D98E411A19}.Debug|x64.Build.0 = Debug|Any CPU
		{8468408C-A919-4F00-9DAE-89D98E411A19}.Debug|x86.ActiveCfg = Debug|Any CPU
		{8468408C-A919-4F00-9DAE-89D98E411A19}.Debug|x86.Build.0 = Debug|Any CPU
		{8468408C-A919-4F00-9DAE-89D98E411A19}.Release|Any CPU.ActiveCfg = Release|Any CPU
		{8468408C-A919-4F00-9DAE-89D98E411A19}.Release|Any CPU.Build.0 = Release|Any CPU
		{8468408C-A919-4F00-9DAE-89D98E411A19}.Release|x64.ActiveCfg = Release|Any CPU
		{8468408C-A919-4F00-9DAE-89D98E411A19}.Release|x64.Build.0 = Release|Any CPU
		{8468408C-A919-4F00-9DAE-89D98E411A19}.Release|x86.ActiveCfg = Release|Any CPU
		{8468408C-A919-4F00-9DAE-89D98E411A19}.Release|x86.Build.0 = Release|Any CPU
		{3B40C685-72A2-4D2C-AD88-226A2384318D}.Debug|Any CPU.ActiveCfg = Debug|Any CPU
		{3B40C685-72A2-4D2C-AD88-226A2384318D}.Debug|Any CPU.Build.0 = Debug|Any CPU
		{3B40C685-72A2-4D2C-AD88-226A2384318D}.Debug|x64.ActiveCfg = Debug|Any CPU
		{3B40C685-72A2-4D2C-AD88-226A2384318D}.Debug|x64.Build.0 = Debug|Any CPU
		{3B40C685-72A2-4D2C-AD88-226A2384318D}.Debug|x86.ActiveCfg = Debug|Any CPU
		{3B40C685-72A2-4D2C-AD88-226A2384318D}.Debug|x86.Build.0 = Debug|Any CPU
		{3B40C685-72A2-4D2C-AD88-226A2384318D}.Release|Any CPU.ActiveCfg = Release|Any CPU
		{3B40C685-72A2-4D2C-AD88-226A2384318D}.Release|Any CPU.Build.0 = Release|Any CPU
		{3B40C685-72A2-4D2C-AD88-226A2384318D}.Release|x64.ActiveCfg = Release|Any CPU
		{3B40C685-72A2-4D2C-AD88-226A2384318D}.Release|x64.Build.0 = Release|Any CPU
		{3B40C685-72A2-4D2C-AD88-226A2384318D}.Release|x86.ActiveCfg = Release|Any CPU
		{3B40C685-72A2-4D2C-AD88-226A2384318D}.Release|x86.Build.0 = Release|Any CPU
	EndGlobalSection
	GlobalSection(NestedProjects) = preSolution
		{53B1748F-4161-4852-B5C2-CDBD26A0F5F3} = {17DF77EE-69F2-4649-B2AA-9420304D43AF}
		{9BE386F3-C11A-4B45-86E1-3305AA8B6357} = {17DF77EE-69F2-4649-B2AA-9420304D43AF}
		{71D93217-3F98-4ADD-827E-1250FB3881C6} = {09467508-0DB2-45F7-BABF-501ABE3D4454}
		{1FA2C119-8B89-48E3-B690-8EF180CAF6EB} = {09467508-0DB2-45F7-BABF-501ABE3D4454}
		{8468408C-A919-4F00-9DAE-89D98E411A19} = {17DF77EE-69F2-4649-B2AA-9420304D43AF}
		{3B40C685-72A2-4D2C-AD88-226A2384318D} = {09467508-0DB2-45F7-BABF-501ABE3D4454}
	EndGlobalSection
EndGlobal
